
Microsoft Visual Studio Solution File, Format Version 12.00
# Visual Studio Version 16
VisualStudioVersion = 16.0.29102.190
MinimumVisualStudioVersion = 10.0.40219.1
Project("{8BC9CEB8-8B4A-11D0-8D11-00A0C91BC942}") = "PeregrineWindowsApplication", "PeregrineWindowsApplication.vcxproj", "{BC21BEB6-0B16-44A9-B560-0C91D6498DBE}"
EndProject
Global
	GlobalSection(SolutionConfigurationPlatforms) = preSolution
		Debug|x64 = Debug|x64
		Debug|x86 = Debug|x86
		Release|x64 = Release|x64
		Release|x86 = Release|x86
	EndGlobalSection
	GlobalSection(ProjectConfigurationPlatforms) = postSolution
		{BC21BEB6-0B16-44A9-B560-0C91D6498DBE}.Debug|x64.ActiveCfg = Debug|x64
		{BC21BEB6-0B16-44A9-B560-0C91D6498DBE}.Debug|x64.Build.0 = Debug|x64
		{BC21BEB6-0B16-44A9-B560-0C91D6498DBE}.Debug|x86.ActiveCfg = Debug|Win32
		{BC21BEB6-0B16-44A9-B560-0C91D6498DBE}.Debug|x86.Build.0 = Debug|Win32
		{BC21BEB6-0B16-44A9-B560-0C91D6498DBE}.Release|x64.ActiveCfg = Release|x64
		{BC21BEB6-0B16-44A9-B560-0C91D6498DBE}.Release|x64.Build.0 = Release|x64
		{BC21BEB6-0B16-44A9-B560-0C91D6498DBE}.Release|x86.ActiveCfg = Release|Win32
		{BC21BEB6-0B16-44A9-B560-0C91D6498DBE}.Release|x86.Build.0 = Release|Win32
	EndGlobalSection
	GlobalSection(SolutionProperties) = preSolution
		HideSolutionNode = FALSE
	EndGlobalSection
	GlobalSection(ExtensibilityGlobals) = postSolution
		SolutionGuid = {4BB374E8-AFB8-4ADC-B2A2-F546C9A48F79}
	EndGlobalSection
EndGlobal
